
Microsoft Visual Studio Solution File, Format Version 12.00
# Visual Studio Version 17
VisualStudioVersion = 17.10.35004.147
MinimumVisualStudioVersion = 10.0.40219.1
Project("{FAE04EC0-301F-11D3-BF4B-00C04F79EFBC}") = "MauiAppCountryISO", "MauiAppCountryISO.csproj", "{1B4761E6-0CF9-41E3-9A03-3D05D7C0E56D}"
EndProject
Global
	GlobalSection(SolutionConfigurationPlatforms) = preSolution
		Debug|Any CPU = Debug|Any CPU
		Release|Any CPU = Release|Any CPU
	EndGlobalSection
	GlobalSection(ProjectConfigurationPlatforms) = postSolution
		{1B4761E6-0CF9-41E3-9A03-3D05D7C0E56D}.Debug|Any CPU.ActiveCfg = Debug|Any CPU
		{1B4761E6-0CF9-41E3-9A03-3D05D7C0E56D}.Debug|Any CPU.Build.0 = Debug|Any CPU
		{1B4761E6-0CF9-41E3-9A03-3D05D7C0E56D}.Debug|Any CPU.Deploy.0 = Debug|Any CPU
		{1B4761E6-0CF9-41E3-9A03-3D05D7C0E56D}.Release|Any CPU.ActiveCfg = Release|Any CPU
		{1B4761E6-0CF9-41E3-9A03-3D05D7C0E56D}.Release|Any CPU.Build.0 = Release|Any CPU
		{1B4761E6-0CF9-41E3-9A03-3D05D7C0E56D}.Release|Any CPU.Deploy.0 = Release|Any CPU
	EndGlobalSection
	GlobalSection(SolutionProperties) = preSolution
		HideSolutionNode = FALSE
	EndGlobalSection
	GlobalSection(ExtensibilityGlobals) = postSolution
		SolutionGuid = {D260CFA9-8175-4B7E-ACA1-13D17DA51136}
	EndGlobalSection
EndGlobal
